
Microsoft Visual Studio Solution File, Format Version 12.00
# Visual Studio Version 17
VisualStudioVersion = 17.3.32929.385
MinimumVisualStudioVersion = 10.0.40219.1
Project("{FAE04EC0-301F-11D3-BF4B-00C04F79EFBC}") = "Task1", "Task1\Task1.csproj", "{4CC29A49-EC9E-4CDA-A6B9-FB884E884300}"
EndProject
Project("{FAE04EC0-301F-11D3-BF4B-00C04F79EFBC}") = "Task3", "Task3\Task3.csproj", "{DB24F09A-2EA4-4CB2-9DAD-7C4C532EAA4A}"
EndProject
Project("{FAE04EC0-301F-11D3-BF4B-00C04F79EFBC}") = "Task4", "Task4\Task4.csproj", "{8B8BFA6F-2745-4F4D-BF89-A9ECE1839393}"
EndProject
Project("{FAE04EC0-301F-11D3-BF4B-00C04F79EFBC}") = "Task6", "Task6\Task6.csproj", "{157B1089-A721-49C1-B7E3-20BDCC75C73A}"
EndProject
Global
	GlobalSection(SolutionConfigurationPlatforms) = preSolution
		Debug|Any CPU = Debug|Any CPU
		Release|Any CPU = Release|Any CPU
	EndGlobalSection
	GlobalSection(ProjectConfigurationPlatforms) = postSolution
		{4CC29A49-EC9E-4CDA-A6B9-FB884E884300}.Debug|Any CPU.ActiveCfg = Debug|Any CPU
		{4CC29A49-EC9E-4CDA-A6B9-FB884E884300}.Debug|Any CPU.Build.0 = Debug|Any CPU
		{4CC29A49-EC9E-4CDA-A6B9-FB884E884300}.Release|Any CPU.ActiveCfg = Release|Any CPU
		{4CC29A49-EC9E-4CDA-A6B9-FB884E884300}.Release|Any CPU.Build.0 = Release|Any CPU
		{DB24F09A-2EA4-4CB2-9DAD-7C4C532EAA4A}.Debug|Any CPU.ActiveCfg = Debug|Any CPU
		{DB24F09A-2EA4-4CB2-9DAD-7C4C532EAA4A}.Debug|Any CPU.Build.0 = Debug|Any CPU
		{DB24F09A-2EA4-4CB2-9DAD-7C4C532EAA4A}.Release|Any CPU.ActiveCfg = Release|Any CPU
		{DB24F09A-2EA4-4CB2-9DAD-7C4C532EAA4A}.Release|Any CPU.Build.0 = Release|Any CPU
		{8B8BFA6F-2745-4F4D-BF89-A9ECE1839393}.Debug|Any CPU.ActiveCfg = Debug|Any CPU
		{8B8BFA6F-2745-4F4D-BF89-A9ECE1839393}.Debug|Any CPU.Build.0 = Debug|Any CPU
		{8B8BFA6F-2745-4F4D-BF89-A9ECE1839393}.Release|Any CPU.ActiveCfg = Release|Any CPU
		{8B8BFA6F-2745-4F4D-BF89-A9ECE1839393}.Release|Any CPU.Build.0 = Release|Any CPU
		{157B1089-A721-49C1-B7E3-20BDCC75C73A}.Debug|Any CPU.ActiveCfg = Debug|Any CPU
		{157B1089-A721-49C1-B7E3-20BDCC75C73A}.Debug|Any CPU.Build.0 = Debug|Any CPU
		{157B1089-A721-49C1-B7E3-20BDCC75C73A}.Release|Any CPU.ActiveCfg = Release|Any CPU
		{157B1089-A721-49C1-B7E3-20BDCC75C73A}.Release|Any CPU.Build.0 = Release|Any CPU
	EndGlobalSection
	GlobalSection(SolutionProperties) = preSolution
		HideSolutionNode = FALSE
	EndGlobalSection
	GlobalSection(ExtensibilityGlobals) = postSolution
		SolutionGuid = {DA8DAA1A-81BF-4AE4-8FDF-E833E4AE728E}
	EndGlobalSection
EndGlobal
